// !$*UTF8*$!
{
	archiveVersion = 1;
	classes = {
	};
	objectVersion = 55;
	objects = {

/* Begin PBXBuildFile section */
		A4128DB5278D78C7007EDB38 /* MoviesApp.swift in Sources */ = {isa = PBXBuildFile; fileRef = A4128DB4278D78C7007EDB38 /* MoviesApp.swift */; };
		A4128DB7278D78C7007EDB38 /* ContentView.swift in Sources */ = {isa = PBXBuildFile; fileRef = A4128DB6278D78C7007EDB38 /* ContentView.swift */; };
		A4128DB9278D78C8007EDB38 /* Assets.xcassets in Resources */ = {isa = PBXBuildFile; fileRef = A4128DB8278D78C8007EDB38 /* Assets.xcassets */; };
		A4128DBC278D78C8007EDB38 /* Preview Assets.xcassets in Resources */ = {isa = PBXBuildFile; fileRef = A4128DBB278D78C8007EDB38 /* Preview Assets.xcassets */; };
		A4128DC7278D7B98007EDB38 /* HomeTabView.swift in Sources */ = {isa = PBXBuildFile; fileRef = A4128DC6278D7B98007EDB38 /* HomeTabView.swift */; };
		A4128DC9278D8101007EDB38 /* SettingView.swift in Sources */ = {isa = PBXBuildFile; fileRef = A4128DC8278D8101007EDB38 /* SettingView.swift */; };
		A4128DCB278DB856007EDB38 /* MoviesView.swift in Sources */ = {isa = PBXBuildFile; fileRef = A4128DCA278DB856007EDB38 /* MoviesView.swift */; };
		A4128DCD278DB860007EDB38 /* DiscoverView.swift in Sources */ = {isa = PBXBuildFile; fileRef = A4128DCC278DB860007EDB38 /* DiscoverView.swift */; };
		A43B6B7C27D0FCDD009ED443 /* MovieReviewManager.swift in Sources */ = {isa = PBXBuildFile; fileRef = A43B6B7B27D0FCDD009ED443 /* MovieReviewManager.swift */; };
		A43B6B7E27D10185009ED443 /* ImageLoader.swift in Sources */ = {isa = PBXBuildFile; fileRef = A43B6B7D27D10185009ED443 /* ImageLoader.swift */; };
		A43B6B8027D1027D009ED443 /* ImageCache.swift in Sources */ = {isa = PBXBuildFile; fileRef = A43B6B7F27D1027D009ED443 /* ImageCache.swift */; };
		A457A5F427D396AF00686565 /* MovieReviewView.swift in Sources */ = {isa = PBXBuildFile; fileRef = A457A5F327D396AF00686565 /* MovieReviewView.swift */; };
		A48A968027D33CB000A8332C /* MovieCellView.swift in Sources */ = {isa = PBXBuildFile; fileRef = A48A967F27D33CB000A8332C /* MovieCellView.swift */; };
		A48A968227D347BA00A8332C /* MovieDetailView.swift in Sources */ = {isa = PBXBuildFile; fileRef = A48A968127D347BA00A8332C /* MovieDetailView.swift */; };
		A4C4A2A427CFA5CF009AB253 /* Movie.swift in Sources */ = {isa = PBXBuildFile; fileRef = A4C4A2A327CFA5CF009AB253 /* Movie.swift */; };
		A4C4A2A627CFAA52009AB253 /* Cast.swift in Sources */ = {isa = PBXBuildFile; fileRef = A4C4A2A527CFAA52009AB253 /* Cast.swift */; };
		A4C4A2A827CFACB4009AB253 /* Review.swift in Sources */ = {isa = PBXBuildFile; fileRef = A4C4A2A727CFACB4009AB253 /* Review.swift */; };
		A4C4A2AB27CFAE70009AB253 /* Alamofire in Frameworks */ = {isa = PBXBuildFile; productRef = A4C4A2AA27CFAE70009AB253 /* Alamofire */; };
		A4C4A2AD27CFAF2C009AB253 /* NetworkManager.swift in Sources */ = {isa = PBXBuildFile; fileRef = A4C4A2AC27CFAF2C009AB253 /* NetworkManager.swift */; };
		A4C4A2AF27CFB2A7009AB253 /* API.swift in Sources */ = {isa = PBXBuildFile; fileRef = A4C4A2AE27CFB2A7009AB253 /* API.swift */; };
		A4C4A2B327CFB37F009AB253 /* MovieURL.swift in Sources */ = {isa = PBXBuildFile; fileRef = A4C4A2B227CFB37F009AB253 /* MovieURL.swift */; };
		A4C4A2B527CFB534009AB253 /* MovieDownloadManager.swift in Sources */ = {isa = PBXBuildFile; fileRef = A4C4A2B427CFB534009AB253 /* MovieDownloadManager.swift */; };
		A4EF324927D249A600E36100 /* EnvironmentValueAndImageCache.swift in Sources */ = {isa = PBXBuildFile; fileRef = A4EF324827D249A600E36100 /* EnvironmentValueAndImageCache.swift */; };
		A4EF324B27D24C2300E36100 /* AsyncImage.swift in Sources */ = {isa = PBXBuildFile; fileRef = A4EF324A27D24C2300E36100 /* AsyncImage.swift */; };
/* End PBXBuildFile section */

/* Begin PBXFileReference section */
		A4128DB1278D78C7007EDB38 /* Movies.app */ = {isa = PBXFileReference; explicitFileType = wrapper.application; includeInIndex = 0; path = Movies.app; sourceTree = BUILT_PRODUCTS_DIR; };
		A4128DB4278D78C7007EDB38 /* MoviesApp.swift */ = {isa = PBXFileReference; lastKnownFileType = sourcecode.swift; path = MoviesApp.swift; sourceTree = "<group>"; };
		A4128DB6278D78C7007EDB38 /* ContentView.swift */ = {isa = PBXFileReference; lastKnownFileType = sourcecode.swift; path = ContentView.swift; sourceTree = "<group>"; };
		A4128DB8278D78C8007EDB38 /* Assets.xcassets */ = {isa = PBXFileReference; lastKnownFileType = folder.assetcatalog; path = Assets.xcassets; sourceTree = "<group>"; };
		A4128DBB278D78C8007EDB38 /* Preview Assets.xcassets */ = {isa = PBXFileReference; lastKnownFileType = folder.assetcatalog; path = "Preview Assets.xcassets"; sourceTree = "<group>"; };
		A4128DC6278D7B98007EDB38 /* HomeTabView.swift */ = {isa = PBXFileReference; lastKnownFileType = sourcecode.swift; path = HomeTabView.swift; sourceTree = "<group>"; };
		A4128DC8278D8101007EDB38 /* SettingView.swift */ = {isa = PBXFileReference; lastKnownFileType = sourcecode.swift; path = SettingView.swift; sourceTree = "<group>"; };
		A4128DCA278DB856007EDB38 /* MoviesView.swift */ = {isa = PBXFileReference; lastKnownFileType = sourcecode.swift; path = MoviesView.swift; sourceTree = "<group>"; };
		A4128DCC278DB860007EDB38 /* DiscoverView.swift */ = {isa = PBXFileReference; lastKnownFileType = sourcecode.swift; path = DiscoverView.swift; sourceTree = "<group>"; };
		A43B6B7B27D0FCDD009ED443 /* MovieReviewManager.swift */ = {isa = PBXFileReference; lastKnownFileType = sourcecode.swift; path = MovieReviewManager.swift; sourceTree = "<group>"; };
		A43B6B7D27D10185009ED443 /* ImageLoader.swift */ = {isa = PBXFileReference; lastKnownFileType = sourcecode.swift; path = ImageLoader.swift; sourceTree = "<group>"; };
		A43B6B7F27D1027D009ED443 /* ImageCache.swift */ = {isa = PBXFileReference; lastKnownFileType = sourcecode.swift; path = ImageCache.swift; sourceTree = "<group>"; };
		A457A5F327D396AF00686565 /* MovieReviewView.swift */ = {isa = PBXFileReference; lastKnownFileType = sourcecode.swift; path = MovieReviewView.swift; sourceTree = "<group>"; };
		A48A967F27D33CB000A8332C /* MovieCellView.swift */ = {isa = PBXFileReference; lastKnownFileType = sourcecode.swift; path = MovieCellView.swift; sourceTree = "<group>"; };
		A48A968127D347BA00A8332C /* MovieDetailView.swift */ = {isa = PBXFileReference; lastKnownFileType = sourcecode.swift; path = MovieDetailView.swift; sourceTree = "<group>"; };
		A4C4A2A327CFA5CF009AB253 /* Movie.swift */ = {isa = PBXFileReference; lastKnownFileType = sourcecode.swift; path = Movie.swift; sourceTree = "<group>"; };
		A4C4A2A527CFAA52009AB253 /* Cast.swift */ = {isa = PBXFileReference; lastKnownFileType = sourcecode.swift; path = Cast.swift; sourceTree = "<group>"; };
		A4C4A2A727CFACB4009AB253 /* Review.swift */ = {isa = PBXFileReference; lastKnownFileType = sourcecode.swift; path = Review.swift; sourceTree = "<group>"; };
		A4C4A2AC27CFAF2C009AB253 /* NetworkManager.swift */ = {isa = PBXFileReference; lastKnownFileType = sourcecode.swift; path = NetworkManager.swift; sourceTree = "<group>"; };
		A4C4A2AE27CFB2A7009AB253 /* API.swift */ = {isa = PBXFileReference; lastKnownFileType = sourcecode.swift; path = API.swift; sourceTree = "<group>"; };
		A4C4A2B227CFB37F009AB253 /* MovieURL.swift */ = {isa = PBXFileReference; lastKnownFileType = sourcecode.swift; path = MovieURL.swift; sourceTree = "<group>"; };
		A4C4A2B427CFB534009AB253 /* MovieDownloadManager.swift */ = {isa = PBXFileReference; lastKnownFileType = sourcecode.swift; path = MovieDownloadManager.swift; sourceTree = "<group>"; };
		A4EF324827D249A600E36100 /* EnvironmentValueAndImageCache.swift */ = {isa = PBXFileReference; lastKnownFileType = sourcecode.swift; path = EnvironmentValueAndImageCache.swift; sourceTree = "<group>"; };
		A4EF324A27D24C2300E36100 /* AsyncImage.swift */ = {isa = PBXFileReference; lastKnownFileType = sourcecode.swift; path = AsyncImage.swift; sourceTree = "<group>"; };
/* End PBXFileReference section */

/* Begin PBXFrameworksBuildPhase section */
		A4128DAE278D78C7007EDB38 /* Frameworks */ = {
			isa = PBXFrameworksBuildPhase;
			buildActionMask = 2147483647;
			files = (
				A4C4A2AB27CFAE70009AB253 /* Alamofire in Frameworks */,
			);
			runOnlyForDeploymentPostprocessing = 0;
		};
/* End PBXFrameworksBuildPhase section */

/* Begin PBXGroup section */
		A4128DA8278D78C7007EDB38 = {
			isa = PBXGroup;
			children = (
				A4128DB3278D78C7007EDB38 /* Movies */,
				A4128DB2278D78C7007EDB38 /* Products */,
			);
			sourceTree = "<group>";
		};
		A4128DB2278D78C7007EDB38 /* Products */ = {
			isa = PBXGroup;
			children = (
				A4128DB1278D78C7007EDB38 /* Movies.app */,
			);
			name = Products;
			sourceTree = "<group>";
		};
		A4128DB3278D78C7007EDB38 /* Movies */ = {
			isa = PBXGroup;
			children = (
				A4128DC5278D7B34007EDB38 /* AsyncImage */,
				A4128DC4278D7B2A007EDB38 /* Models */,
				A4128DC2278D7ADD007EDB38 /* Networking */,
				A4128DC3278D7B0B007EDB38 /* Views */,
				A4128DB4278D78C7007EDB38 /* MoviesApp.swift */,
				A4128DB6278D78C7007EDB38 /* ContentView.swift */,
				A4128DB8278D78C8007EDB38 /* Assets.xcassets */,
				A4128DBA278D78C8007EDB38 /* Preview Content */,
			);
			path = Movies;
			sourceTree = "<group>";
		};
		A4128DBA278D78C8007EDB38 /* Preview Content */ = {
			isa = PBXGroup;
			children = (
				A4128DBB278D78C8007EDB38 /* Preview Assets.xcassets */,
			);
			path = "Preview Content";
			sourceTree = "<group>";
		};
		A4128DC2278D7ADD007EDB38 /* Networking */ = {
			isa = PBXGroup;
			children = (
				A4C4A2AC27CFAF2C009AB253 /* NetworkManager.swift */,
				A4C4A2AE27CFB2A7009AB253 /* API.swift */,
				A4C4A2B227CFB37F009AB253 /* MovieURL.swift */,
				A4C4A2B427CFB534009AB253 /* MovieDownloadManager.swift */,
				A43B6B7B27D0FCDD009ED443 /* MovieReviewManager.swift */,
			);
			path = Networking;
			sourceTree = "<group>";
		};
		A4128DC3278D7B0B007EDB38 /* Views */ = {
			isa = PBXGroup;
			children = (
				A4128DC6278D7B98007EDB38 /* HomeTabView.swift */,
				A4128DC8278D8101007EDB38 /* SettingView.swift */,
				A4128DCA278DB856007EDB38 /* MoviesView.swift */,
				A4128DCC278DB860007EDB38 /* DiscoverView.swift */,
				A48A967F27D33CB000A8332C /* MovieCellView.swift */,
				A48A968127D347BA00A8332C /* MovieDetailView.swift */,
				A457A5F327D396AF00686565 /* MovieReviewView.swift */,
			);
			path = Views;
			sourceTree = "<group>";
		};
		A4128DC4278D7B2A007EDB38 /* Models */ = {
			isa = PBXGroup;
			children = (
				A4C4A2A327CFA5CF009AB253 /* Movie.swift */,
				A4C4A2A527CFAA52009AB253 /* Cast.swift */,
				A4C4A2A727CFACB4009AB253 /* Review.swift */,
			);
			path = Models;
			sourceTree = "<group>";
		};
		A4128DC5278D7B34007EDB38 /* AsyncImage */ = {
			isa = PBXGroup;
			children = (
				A43B6B7D27D10185009ED443 /* ImageLoader.swift */,
				A43B6B7F27D1027D009ED443 /* ImageCache.swift */,
				A4EF324827D249A600E36100 /* EnvironmentValueAndImageCache.swift */,
				A4EF324A27D24C2300E36100 /* AsyncImage.swift */,
			);
			path = AsyncImage;
			sourceTree = "<group>";
		};
/* End PBXGroup section */

/* Begin PBXNativeTarget section */
		A4128DB0278D78C7007EDB38 /* Movies */ = {
			isa = PBXNativeTarget;
			buildConfigurationList = A4128DBF278D78C8007EDB38 /* Build configuration list for PBXNativeTarget "Movies" */;
			buildPhases = (
				A4128DAD278D78C7007EDB38 /* Sources */,
				A4128DAE278D78C7007EDB38 /* Frameworks */,
				A4128DAF278D78C7007EDB38 /* Resources */,
			);
			buildRules = (
			);
			dependencies = (
			);
			name = Movies;
			packageProductDependencies = (
				A4C4A2AA27CFAE70009AB253 /* Alamofire */,
			);
			productName = Movies;
			productReference = A4128DB1278D78C7007EDB38 /* Movies.app */;
			productType = "com.apple.product-type.application";
		};
/* End PBXNativeTarget section */

/* Begin PBXProject section */
		A4128DA9278D78C7007EDB38 /* Project object */ = {
			isa = PBXProject;
			attributes = {
				BuildIndependentTargetsInParallel = 1;
				LastSwiftUpdateCheck = 1320;
				LastUpgradeCheck = 1320;
				TargetAttributes = {
					A4128DB0278D78C7007EDB38 = {
						CreatedOnToolsVersion = 13.2.1;
					};
				};
			};
			buildConfigurationList = A4128DAC278D78C7007EDB38 /* Build configuration list for PBXProject "Movies" */;
			compatibilityVersion = "Xcode 13.0";
			developmentRegion = en;
			hasScannedForEncodings = 0;
			knownRegions = (
				en,
				Base,
			);
			mainGroup = A4128DA8278D78C7007EDB38;
			packageReferences = (
				A4C4A2A927CFAE70009AB253 /* XCRemoteSwiftPackageReference "Alamofire" */,
			);
			productRefGroup = A4128DB2278D78C7007EDB38 /* Products */;
			projectDirPath = "";
			projectRoot = "";
			targets = (
				A4128DB0278D78C7007EDB38 /* Movies */,
			);
		};
/* End PBXProject section */

/* Begin PBXResourcesBuildPhase section */
		A4128DAF278D78C7007EDB38 /* Resources */ = {
			isa = PBXResourcesBuildPhase;
			buildActionMask = 2147483647;
			files = (
				A4128DBC278D78C8007EDB38 /* Preview Assets.xcassets in Resources */,
				A4128DB9278D78C8007EDB38 /* Assets.xcassets in Resources */,
			);
			runOnlyForDeploymentPostprocessing = 0;
		};
/* End PBXResourcesBuildPhase section */

/* Begin PBXSourcesBuildPhase section */
		A4128DAD278D78C7007EDB38 /* Sources */ = {
			isa = PBXSourcesBuildPhase;
			buildActionMask = 2147483647;
			files = (
				A4C4A2AF27CFB2A7009AB253 /* API.swift in Sources */,
				A4C4A2A627CFAA52009AB253 /* Cast.swift in Sources */,
				A4EF324927D249A600E36100 /* EnvironmentValueAndImageCache.swift in Sources */,
				A43B6B8027D1027D009ED443 /* ImageCache.swift in Sources */,
				A43B6B7E27D10185009ED443 /* ImageLoader.swift in Sources */,
				A4C4A2A427CFA5CF009AB253 /* Movie.swift in Sources */,
				A4C4A2AD27CFAF2C009AB253 /* NetworkManager.swift in Sources */,
				A48A968227D347BA00A8332C /* MovieDetailView.swift in Sources */,
				A4C4A2A827CFACB4009AB253 /* Review.swift in Sources */,
				A4C4A2B527CFB534009AB253 /* MovieDownloadManager.swift in Sources */,
				A457A5F427D396AF00686565 /* MovieReviewView.swift in Sources */,
				A43B6B7C27D0FCDD009ED443 /* MovieReviewManager.swift in Sources */,
				A4EF324B27D24C2300E36100 /* AsyncImage.swift in Sources */,
				A4128DCB278DB856007EDB38 /* MoviesView.swift in Sources */,
				A4128DC7278D7B98007EDB38 /* HomeTabView.swift in Sources */,
				A4128DC9278D8101007EDB38 /* SettingView.swift in Sources */,
				A48A968027D33CB000A8332C /* MovieCellView.swift in Sources */,
				A4C4A2B327CFB37F009AB253 /* MovieURL.swift in Sources */,
				A4128DB7278D78C7007EDB38 /* ContentView.swift in Sources */,
				A4128DB5278D78C7007EDB38 /* MoviesApp.swift in Sources */,
				A4128DCD278DB860007EDB38 /* DiscoverView.swift in Sources */,
			);
			runOnlyForDeploymentPostprocessing = 0;
		};
/* End PBXSourcesBuildPhase section */

/* Begin XCBuildConfiguration section */
		A4128DBD278D78C8007EDB38 /* Debug */ = {
			isa = XCBuildConfiguration;
			buildSettings = {
				ALWAYS_SEARCH_USER_PATHS = NO;
				CLANG_ANALYZER_NONNULL = YES;
				CLANG_ANALYZER_NUMBER_OBJECT_CONVERSION = YES_AGGRESSIVE;
				CLANG_CXX_LANGUAGE_STANDARD = "gnu++17";
				CLANG_CXX_LIBRARY = "libc++";
				CLANG_ENABLE_MODULES = YES;
				CLANG_ENABLE_OBJC_ARC = YES;
				CLANG_ENABLE_OBJC_WEAK = YES;
				CLANG_WARN_BLOCK_CAPTURE_AUTORELEASING = YES;
				CLANG_WARN_BOOL_CONVERSION = YES;
				CLANG_WARN_COMMA = YES;
				CLANG_WARN_CONSTANT_CONVERSION = YES;
				CLANG_WARN_DEPRECATED_OBJC_IMPLEMENTATIONS = YES;
				CLANG_WARN_DIRECT_OBJC_ISA_USAGE = YES_ERROR;
				CLANG_WARN_DOCUMENTATION_COMMENTS = YES;
				CLANG_WARN_EMPTY_BODY = YES;
				CLANG_WARN_ENUM_CONVERSION = YES;
				CLANG_WARN_INFINITE_RECURSION = YES;
				CLANG_WARN_INT_CONVERSION = YES;
				CLANG_WARN_NON_LITERAL_NULL_CONVERSION = YES;
				CLANG_WARN_OBJC_IMPLICIT_RETAIN_SELF = YES;
				CLANG_WARN_OBJC_LITERAL_CONVERSION = YES;
				CLANG_WARN_OBJC_ROOT_CLASS = YES_ERROR;
				CLANG_WARN_QUOTED_INCLUDE_IN_FRAMEWORK_HEADER = YES;
				CLANG_WARN_RANGE_LOOP_ANALYSIS = YES;
				CLANG_WARN_STRICT_PROTOTYPES = YES;
				CLANG_WARN_SUSPICIOUS_MOVE = YES;
				CLANG_WARN_UNGUARDED_AVAILABILITY = YES_AGGRESSIVE;
				CLANG_WARN_UNREACHABLE_CODE = YES;
				CLANG_WARN__DUPLICATE_METHOD_MATCH = YES;
				COPY_PHASE_STRIP = NO;
				DEBUG_INFORMATION_FORMAT = dwarf;
				ENABLE_STRICT_OBJC_MSGSEND = YES;
				ENABLE_TESTABILITY = YES;
				GCC_C_LANGUAGE_STANDARD = gnu11;
				GCC_DYNAMIC_NO_PIC = NO;
				GCC_NO_COMMON_BLOCKS = YES;
				GCC_OPTIMIZATION_LEVEL = 0;
				GCC_PREPROCESSOR_DEFINITIONS = (
					"DEBUG=1",
					"$(inherited)",
				);
				GCC_WARN_64_TO_32_BIT_CONVERSION = YES;
				GCC_WARN_ABOUT_RETURN_TYPE = YES_ERROR;
				GCC_WARN_UNDECLARED_SELECTOR = YES;
				GCC_WARN_UNINITIALIZED_AUTOS = YES_AGGRESSIVE;
				GCC_WARN_UNUSED_FUNCTION = YES;
				GCC_WARN_UNUSED_VARIABLE = YES;
				IPHONEOS_DEPLOYMENT_TARGET = 15.2;
				MTL_ENABLE_DEBUG_INFO = INCLUDE_SOURCE;
				MTL_FAST_MATH = YES;
				ONLY_ACTIVE_ARCH = YES;
				SDKROOT = iphoneos;
				SWIFT_ACTIVE_COMPILATION_CONDITIONS = DEBUG;
				SWIFT_OPTIMIZATION_LEVEL = "-Onone";
			};
			name = Debug;
		};
		A4128DBE278D78C8007EDB38 /* Release */ = {
			isa = XCBuildConfiguration;
			buildSettings = {
				ALWAYS_SEARCH_USER_PATHS = NO;
				CLANG_ANALYZER_NONNULL = YES;
				CLANG_ANALYZER_NUMBER_OBJECT_CONVERSION = YES_AGGRESSIVE;
				CLANG_CXX_LANGUAGE_STANDARD = "gnu++17";
				CLANG_CXX_LIBRARY = "libc++";
				CLANG_ENABLE_MODULES = YES;
				CLANG_ENABLE_OBJC_ARC = YES;
				CLANG_ENABLE_OBJC_WEAK = YES;
				CLANG_WARN_BLOCK_CAPTURE_AUTORELEASING = YES;
				CLANG_WARN_BOOL_CONVERSION = YES;
				CLANG_WARN_COMMA = YES;
				CLANG_WARN_CONSTANT_CONVERSION = YES;
				CLANG_WARN_DEPRECATED_OBJC_IMPLEMENTATIONS = YES;
				CLANG_WARN_DIRECT_OBJC_ISA_USAGE = YES_ERROR;
				CLANG_WARN_DOCUMENTATION_COMMENTS = YES;
				CLANG_WARN_EMPTY_BODY = YES;
				CLANG_WARN_ENUM_CONVERSION = YES;
				CLANG_WARN_INFINITE_RECURSION = YES;
				CLANG_WARN_INT_CONVERSION = YES;
				CLANG_WARN_NON_LITERAL_NULL_CONVERSION = YES;
				CLANG_WARN_OBJC_IMPLICIT_RETAIN_SELF = YES;
				CLANG_WARN_OBJC_LITERAL_CONVERSION = YES;
				CLANG_WARN_OBJC_ROOT_CLASS = YES_ERROR;
				CLANG_WARN_QUOTED_INCLUDE_IN_FRAMEWORK_HEADER = YES;
				CLANG_WARN_RANGE_LOOP_ANALYSIS = YES;
				CLANG_WARN_STRICT_PROTOTYPES = YES;
				CLANG_WARN_SUSPICIOUS_MOVE = YES;
				CLANG_WARN_UNGUARDED_AVAILABILITY = YES_AGGRESSIVE;
				CLANG_WARN_UNREACHABLE_CODE = YES;
				CLANG_WARN__DUPLICATE_METHOD_MATCH = YES;
				COPY_PHASE_STRIP = NO;
				DEBUG_INFORMATION_FORMAT = "dwarf-with-dsym";
				ENABLE_NS_ASSERTIONS = NO;
				ENABLE_STRICT_OBJC_MSGSEND = YES;
				GCC_C_LANGUAGE_STANDARD = gnu11;
				GCC_NO_COMMON_BLOCKS = YES;
				GCC_WARN_64_TO_32_BIT_CONVERSION = YES;
				GCC_WARN_ABOUT_RETURN_TYPE = YES_ERROR;
				GCC_WARN_UNDECLARED_SELECTOR = YES;
				GCC_WARN_UNINITIALIZED_AUTOS = YES_AGGRESSIVE;
				GCC_WARN_UNUSED_FUNCTION = YES;
				GCC_WARN_UNUSED_VARIABLE = YES;
				IPHONEOS_DEPLOYMENT_TARGET = 15.2;
				MTL_ENABLE_DEBUG_INFO = NO;
				MTL_FAST_MATH = YES;
				SDKROOT = iphoneos;
				SWIFT_COMPILATION_MODE = wholemodule;
				SWIFT_OPTIMIZATION_LEVEL = "-O";
				VALIDATE_PRODUCT = YES;
			};
			name = Release;
		};
		A4128DC0278D78C8007EDB38 /* Debug */ = {
			isa = XCBuildConfiguration;
			buildSettings = {
				ASSETCATALOG_COMPILER_APPICON_NAME = AppIcon;
				ASSETCATALOG_COMPILER_GLOBAL_ACCENT_COLOR_NAME = AccentColor;
				CODE_SIGN_STYLE = Automatic;
				CURRENT_PROJECT_VERSION = 1;
				DEVELOPMENT_ASSET_PATHS = "\"Movies/Preview Content\"";
				ENABLE_PREVIEWS = YES;
				GENERATE_INFOPLIST_FILE = YES;
				INFOPLIST_KEY_UIApplicationSceneManifest_Generation = YES;
				INFOPLIST_KEY_UIApplicationSupportsIndirectInputEvents = YES;
				INFOPLIST_KEY_UILaunchScreen_Generation = YES;
				INFOPLIST_KEY_UISupportedInterfaceOrientations_iPad = "UIInterfaceOrientationPortrait UIInterfaceOrientationPortraitUpsideDown UIInterfaceOrientationLandscapeLeft UIInterfaceOrientationLandscapeRight";
				INFOPLIST_KEY_UISupportedInterfaceOrientations_iPhone = "UIInterfaceOrientationPortrait UIInterfaceOrientationLandscapeLeft UIInterfaceOrientationLandscapeRight";
				LD_RUNPATH_SEARCH_PATHS = (
					"$(inherited)",
					"@executable_path/Frameworks",
				);
				MARKETING_VERSION = 1.0;
				PRODUCT_BUNDLE_IDENTIFIER = com.movies.Movies;
				PRODUCT_NAME = "$(TARGET_NAME)";
				SWIFT_EMIT_LOC_STRINGS = YES;
				SWIFT_VERSION = 5.0;
				TARGETED_DEVICE_FAMILY = "1,2";
			};
			name = Debug;
		};
		A4128DC1278D78C8007EDB38 /* Release */ = {
			isa = XCBuildConfiguration;
			buildSettings = {
				ASSETCATALOG_COMPILER_APPICON_NAME = AppIcon;
				ASSETCATALOG_COMPILER_GLOBAL_ACCENT_COLOR_NAME = AccentColor;
				CODE_SIGN_STYLE = Automatic;
				CURRENT_PROJECT_VERSION = 1;
				DEVELOPMENT_ASSET_PATHS = "\"Movies/Preview Content\"";
				ENABLE_PREVIEWS = YES;
				GENERATE_INFOPLIST_FILE = YES;
				INFOPLIST_KEY_UIApplicationSceneManifest_Generation = YES;
				INFOPLIST_KEY_UIApplicationSupportsIndirectInputEvents = YES;
				INFOPLIST_KEY_UILaunchScreen_Generation = YES;
				INFOPLIST_KEY_UISupportedInterfaceOrientations_iPad = "UIInterfaceOrientationPortrait UIInterfaceOrientationPortraitUpsideDown UIInterfaceOrientationLandscapeLeft UIInterfaceOrientationLandscapeRight";
				INFOPLIST_KEY_UISupportedInterfaceOrientations_iPhone = "UIInterfaceOrientationPortrait UIInterfaceOrientationLandscapeLeft UIInterfaceOrientationLandscapeRight";
				LD_RUNPATH_SEARCH_PATHS = (
					"$(inherited)",
					"@executable_path/Frameworks",
				);
				MARKETING_VERSION = 1.0;
				PRODUCT_BUNDLE_IDENTIFIER = com.movies.Movies;
				PRODUCT_NAME = "$(TARGET_NAME)";
				SWIFT_EMIT_LOC_STRINGS = YES;
				SWIFT_VERSION = 5.0;
				TARGETED_DEVICE_FAMILY = "1,2";
			};
			name = Release;
		};
/* End XCBuildConfiguration section */

/* Begin XCConfigurationList section */
		A4128DAC278D78C7007EDB38 /* Build configuration list for PBXProject "Movies" */ = {
			isa = XCConfigurationList;
			buildConfigurations = (
				A4128DBD278D78C8007EDB38 /* Debug */,
				A4128DBE278D78C8007EDB38 /* Release */,
			);
			defaultConfigurationIsVisible = 0;
			defaultConfigurationName = Release;
		};
		A4128DBF278D78C8007EDB38 /* Build configuration list for PBXNativeTarget "Movies" */ = {
			isa = XCConfigurationList;
			buildConfigurations = (
				A4128DC0278D78C8007EDB38 /* Debug */,
				A4128DC1278D78C8007EDB38 /* Release */,
			);
			defaultConfigurationIsVisible = 0;
			defaultConfigurationName = Release;
		};
/* End XCConfigurationList section */

/* Begin XCRemoteSwiftPackageReference section */
		A4C4A2A927CFAE70009AB253 /* XCRemoteSwiftPackageReference "Alamofire" */ = {
			isa = XCRemoteSwiftPackageReference;
			repositoryURL = "https://github.com/Alamofire/Alamofire.git";
			requirement = {
				kind = upToNextMajorVersion;
				minimumVersion = 5.0.0;
			};
		};
/* End XCRemoteSwiftPackageReference section */

/* Begin XCSwiftPackageProductDependency section */
		A4C4A2AA27CFAE70009AB253 /* Alamofire */ = {
			isa = XCSwiftPackageProductDependency;
			package = A4C4A2A927CFAE70009AB253 /* XCRemoteSwiftPackageReference "Alamofire" */;
			productName = Alamofire;
		};
/* End XCSwiftPackageProductDependency section */
	};
	rootObject = A4128DA9278D78C7007EDB38 /* Project object */;
}
